<?xml version="1.0" encoding="utf-8"?>
<Project ToolsVersion="4.0" xmlns="http://schemas.microsoft.com/developer/msbuild/2003">
  <ItemGroup>
    <Filter Include="Source Files">
      <UniqueIdentifier>{4FC737F1-C7A5-4376-A066-2A32D752A2FF}</UniqueIdentifier>
      <Extensions>inl;cpp;c;cc;cxx;def;odl;idl;hpj;bat;asm;asmx</Extensions>
    </Filter>
    <Filter Include="Header Files">
      <UniqueIdentifier>{93995380-89BD-4b04-88EB-625FBE52EBFB}</UniqueIdentifier>
      <Extensions>h;hh;hpp;hxx;hm;inl;inc;xsd</Extensions>
    </Filter>
    <Filter Include="Resource Files">
      <UniqueIdentifier>{67DA6AB6-F800-4c08-8B7A-83BB121AAD01}</UniqueIdentifier>
      <Extensions>rc;ico;cur;bmp;dlg;rc2;rct;bin;rgs;gif;jpg;jpeg;jpe;resx;tiff;tif;png;wav;mfcribbon-ms</Extensions>
    </Filter>
    <Filter Include="Header Files\Components">
      <UniqueIdentifier>{fb9b6225-7d1d-486a-82b2-46cba68c9fbb}</UniqueIdentifier>
    </Filter>
    <Filter Include="Header Files\Entities">
      <UniqueIdentifier>{0c704fdc-63a1-4e5e-b092-5e38560b8dad}</UniqueIdentifier>
    </Filter>
    <Filter Include="Header Files\Engine">
      <UniqueIdentifier>{73ab1854-a7ec-4329-acab-93d227a992bb}</UniqueIdentifier>
    </Filter>
    <Filter Include="Source Files\Entities">
      <UniqueIdentifier>{65da3b73-6d72-4d4b-bfea-9832b4eccb58}</UniqueIdentifier>
    </Filter>
    <Filter Include="Header Files\AI">
      <UniqueIdentifier>{8a32e17e-11dc-4605-a980-6e8ee729dbff}</UniqueIdentifier>
    </Filter>
    <Filter Include="Source Files\AI">
      <UniqueIdentifier>{2896c726-ca44-4aa7-aa88-c7e1bdb8a485}</UniqueIdentifier>
    </Filter>
    <Filter Include="Source Files\Abilities">
      <UniqueIdentifier>{dfd41128-f4f6-43a7-83ae-aa6df3eb33d6}</UniqueIdentifier>
    </Filter>
    <Filter Include="Header Files\Abilities">
      <UniqueIdentifier>{a5ecab8b-a226-4ed7-876d-9ededf4f8c5d}</UniqueIdentifier>
    </Filter>
    <Filter Include="Source Files\Engine">
      <UniqueIdentifier>{7d5d1ce5-cd86-4063-ab71-3b2dc745ea8e}</UniqueIdentifier>
    </Filter>
    <Filter Include="Source Files\Components">
      <UniqueIdentifier>{e93dcccc-8f0e-4e18-8446-55e291cc3763}</UniqueIdentifier>
    </Filter>
    <Filter Include="Source Files\AI\Actions">
      <UniqueIdentifier>{bae15858-e19e-438d-9429-b7492e135710}</UniqueIdentifier>
    </Filter>
    <Filter Include="Source Files\AI\Conditions">
      <UniqueIdentifier>{a608a9f9-8031-475e-8c3b-fb022d337c36}</UniqueIdentifier>
    </Filter>
    <Filter Include="Header Files\AI\Actions">
      <UniqueIdentifier>{b4540d78-ca83-4e9f-aa61-8a7bf9865efc}</UniqueIdentifier>
    </Filter>
    <Filter Include="Header Files\AI\BehaviorTree">
      <UniqueIdentifier>{f482e981-8d0f-4fee-af8c-26a07ea837ab}</UniqueIdentifier>
    </Filter>
    <Filter Include="Header Files\AI\Conditions">
      <UniqueIdentifier>{9fd97a90-6109-4db7-ae99-e0fec25d363d}</UniqueIdentifier>
    </Filter>
    <Filter Include="Header Files\Components\Guns">
      <UniqueIdentifier>{38c49958-643e-44a5-befc-2d24bef089b3}</UniqueIdentifier>
    </Filter>
    <Filter Include="Header Files\Components\Rigidbodies">
      <UniqueIdentifier>{5b63a097-11ad-4c54-870f-a66c41fd0f48}</UniqueIdentifier>
    </Filter>
    <Filter Include="Header Files\Entities\Bullets">
      <UniqueIdentifier>{4bb09e30-b7c5-46d0-a3ea-62284aa8fec8}</UniqueIdentifier>
    </Filter>
    <Filter Include="Header Files\Entities\Enemies">
      <UniqueIdentifier>{25b3bdc3-4d29-4e58-a65f-455ea975930f}</UniqueIdentifier>
    </Filter>
  </ItemGroup>
  <ItemGroup>
    <ClCompile Include="Component.cpp">
      <Filter>Source Files\Components</Filter>
    </ClCompile>
    <ClCompile Include="Enemy.cpp">
      <Filter>Source Files\Entities</Filter>
    </ClCompile>
    <ClCompile Include="Entity.cpp">
      <Filter>Source Files\Entities</Filter>
    </ClCompile>
    <ClCompile Include="Game.cpp">
      <Filter>Source Files\Engine</Filter>
    </ClCompile>
    <ClCompile Include="GameState.cpp">
      <Filter>Source Files\Engine</Filter>
    </ClCompile>
    <ClCompile Include="GameWorld.cpp">
      <Filter>Source Files\Engine</Filter>
    </ClCompile>
    <ClCompile Include="main.cpp">
      <Filter>Source Files\Engine</Filter>
    </ClCompile>
    <ClCompile Include="MeleeEnemy.cpp">
      <Filter>Source Files\Entities</Filter>
    </ClCompile>
    <ClCompile Include="MouseTest.cpp">
      <Filter>Source Files\Entities</Filter>
    </ClCompile>
    <ClCompile Include="Player.cpp">
      <Filter>Source Files\Entities</Filter>
    </ClCompile>
    <ClCompile Include="SceneNode.cpp">
      <Filter>Source Files\Engine</Filter>
    </ClCompile>
    <ClCompile Include="Shield.cpp">
      <Filter>Source Files\Entities</Filter>
    </ClCompile>
    <ClCompile Include="Square.cpp">
      <Filter>Source Files\Entities</Filter>
    </ClCompile>
    <ClCompile Include="State.cpp">
      <Filter>Source Files\Engine</Filter>
    </ClCompile>
    <ClCompile Include="StateStack.cpp">
      <Filter>Source Files\Engine</Filter>
    </ClCompile>
    <ClCompile Include="TestComponent.cpp">
      <Filter>Source Files\Components</Filter>
    </ClCompile>
    <ClCompile Include="World.cpp">
      <Filter>Source Files\Engine</Filter>
    </ClCompile>
    <ClCompile Include="ParticleSystem.cpp">
      <Filter>Source Files\Engine</Filter>
    </ClCompile>
    <ClCompile Include="Ability.cpp">
      <Filter>Source Files\Abilities</Filter>
    </ClCompile>
    <ClCompile Include="ShieldAbility.cpp">
      <Filter>Source Files\Abilities</Filter>
    </ClCompile>
    <ClCompile Include="TeleportAbility.cpp">
      <Filter>Source Files\Abilities</Filter>
    </ClCompile>
    <ClCompile Include="Rigidbody.cpp">
      <Filter>Source Files\Components</Filter>
    </ClCompile>
    <ClCompile Include="CircleRigidbody.cpp">
      <Filter>Source Files\Components</Filter>
    </ClCompile>
    <ClCompile Include="SquareRigidbody.cpp">
      <Filter>Source Files\Components</Filter>
    </ClCompile>
    <ClCompile Include="PlayerMovement.cpp">
      <Filter>Source Files\Components</Filter>
    </ClCompile>
    <ClCompile Include="ShieldRigidbody.cpp">
      <Filter>Source Files\Components</Filter>
    </ClCompile>
    <ClCompile Include="ChasePlayer.cpp">
      <Filter>Source Files\AI\Actions</Filter>
    </ClCompile>
    <ClCompile Include="BehaviorTree.cpp">
      <Filter>Source Files\AI</Filter>
    </ClCompile>
    <ClCompile Include="SFMLDebugDraw.cpp">
      <Filter>Source Files\Engine</Filter>
    </ClCompile>
    <ClCompile Include="Box2DCallbackManager.cpp">
      <Filter>Source Files\Engine</Filter>
    </ClCompile>
    <ClCompile Include="Gun.cpp">
      <Filter>Source Files\Components</Filter>
    </ClCompile>
    <ClCompile Include="TestGun.cpp">
      <Filter>Source Files</Filter>
    </ClCompile>
    <ClCompile Include="Bullet.cpp">
      <Filter>Source Files</Filter>
    </ClCompile>
  </ItemGroup>
  <ItemGroup>
    <ClInclude Include="Component.hpp">
      <Filter>Header Files\Components</Filter>
    </ClInclude>
    <ClInclude Include="TestComponent.hpp">
      <Filter>Header Files\Components</Filter>
    </ClInclude>
    <ClInclude Include="Entity.hpp">
      <Filter>Header Files\Entities</Filter>
    </ClInclude>
    <ClInclude Include="MouseTest.hpp">
      <Filter>Header Files\Entities</Filter>
    </ClInclude>
    <ClInclude Include="Shield.hpp">
      <Filter>Header Files\Entities</Filter>
    </ClInclude>
    <ClInclude Include="Player.hpp">
      <Filter>Header Files\Entities</Filter>
    </ClInclude>
    <ClInclude Include="World.hpp">
      <Filter>Header Files\Engine</Filter>
    </ClInclude>
    <ClInclude Include="Game.hpp">
      <Filter>Header Files\Engine</Filter>
    </ClInclude>
    <ClInclude Include="GameState.hpp">
      <Filter>Header Files\Engine</Filter>
    </ClInclude>
    <ClInclude Include="GameWorld.hpp">
      <Filter>Header Files\Engine</Filter>
    </ClInclude>
    <ClInclude Include="ResourceHolder.hpp">
      <Filter>Header Files\Engine</Filter>
    </ClInclude>
    <ClInclude Include="ResourceIdentifiers.hpp">
      <Filter>Header Files\Engine</Filter>
    </ClInclude>
    <ClInclude Include="SceneNode.hpp">
      <Filter>Header Files\Engine</Filter>
    </ClInclude>
    <ClInclude Include="State.hpp">
      <Filter>Header Files\Engine</Filter>
    </ClInclude>
    <ClInclude Include="Square.hpp">
      <Filter>Header Files\Entities</Filter>
    </ClInclude>
    <ClInclude Include="StateIdentifiers.hpp">
      <Filter>Header Files\Engine</Filter>
    </ClInclude>
    <ClInclude Include="StateStack.hpp">
      <Filter>Header Files\Engine</Filter>
    </ClInclude>
    <ClInclude Include="ParticleSystem.hpp">
      <Filter>Header Files\Engine</Filter>
    </ClInclude>
    <ClInclude Include="Ability.hpp">
      <Filter>Header Files\Abilities</Filter>
    </ClInclude>
    <ClInclude Include="ShieldAbility.hpp">
      <Filter>Header Files\Abilities</Filter>
    </ClInclude>
    <ClInclude Include="TeleportAbility.hpp">
      <Filter>Header Files\Abilities</Filter>
    </ClInclude>
    <ClInclude Include="PlayerMovement.hpp">
      <Filter>Header Files\Components</Filter>
    </ClInclude>
    <ClInclude Include="BehaviorNode.hpp">
      <Filter>Header Files\AI\BehaviorTree</Filter>
    </ClInclude>
    <ClInclude Include="BehaviorTree.hpp">
      <Filter>Header Files\AI\BehaviorTree</Filter>
    </ClInclude>
    <ClInclude Include="Composite.hpp">
      <Filter>Header Files\AI\BehaviorTree</Filter>
    </ClInclude>
    <ClInclude Include="Selector.hpp">
      <Filter>Header Files\AI\BehaviorTree</Filter>
    </ClInclude>
    <ClInclude Include="Sequence.hpp">
      <Filter>Header Files\AI\BehaviorTree</Filter>
    </ClInclude>
    <ClInclude Include="Action.hpp">
      <Filter>Header Files\AI\Actions</Filter>
    </ClInclude>
    <ClInclude Include="ChasePlayer.hpp">
      <Filter>Header Files\AI\Actions</Filter>
    </ClInclude>
    <ClInclude Include="SFMLDebugDraw.hpp">
      <Filter>Header Files\Engine</Filter>
    </ClInclude>
    <ClInclude Include="Box2DCallbackManager.hpp">
      <Filter>Header Files\Engine</Filter>
    </ClInclude>
    <ClInclude Include="Gun.hpp">
      <Filter>Header Files\Components\Guns</Filter>
    </ClInclude>
    <ClInclude Include="TestGun.hpp">
      <Filter>Header Files\Components\Guns</Filter>
    </ClInclude>
    <ClInclude Include="CircleRigidbody.hpp">
      <Filter>Header Files\Components\Rigidbodies</Filter>
    </ClInclude>
    <ClInclude Include="Rigidbody.hpp">
      <Filter>Header Files\Components\Rigidbodies</Filter>
    </ClInclude>
    <ClInclude Include="ShieldRigidbody.hpp">
      <Filter>Header Files\Components\Rigidbodies</Filter>
    </ClInclude>
    <ClInclude Include="SquareRigidbody.hpp">
      <Filter>Header Files\Components\Rigidbodies</Filter>
    </ClInclude>
    <ClInclude Include="Bullet.hpp">
      <Filter>Header Files\Entities\Bullets</Filter>
    </ClInclude>
    <ClInclude Include="Enemy.hpp">
      <Filter>Header Files\Entities\Enemies</Filter>
    </ClInclude>
    <ClInclude Include="MeleeEnemy.hpp">
      <Filter>Header Files\Entities\Enemies</Filter>
    </ClInclude>
  </ItemGroup>
  <ItemGroup>
    <None Include="Entity.inl">
      <Filter>Source Files\Entities</Filter>
    </None>
    <None Include="ResourceHolder.inl">
      <Filter>Source Files\Engine</Filter>
    </None>
  </ItemGroup>
</Project>